// !$*UTF8*$!
{
	archiveVersion = 1;
	classes = {
	};
	objectVersion = 50;
	objects = {

/* Begin PBXBuildFile section */
		E36FD5F2219DB47D00409B06 /* PBPopupList.h in Headers */ = {isa = PBXBuildFile; fileRef = E36FD5F0219DB47D00409B06 /* PBPopupList.h */; settings = {ATTRIBUTES = (Public, ); }; };
		E36FD5F9219DB4A500409B06 /* PBPopupList.swift in Sources */ = {isa = PBXBuildFile; fileRef = E36FD5F8219DB4A500409B06 /* PBPopupList.swift */; };
		E36FD601219DB4CF00409B06 /* AppDelegate.swift in Sources */ = {isa = PBXBuildFile; fileRef = E36FD600219DB4CF00409B06 /* AppDelegate.swift */; };
		E36FD603219DB4CF00409B06 /* ViewController.swift in Sources */ = {isa = PBXBuildFile; fileRef = E36FD602219DB4CF00409B06 /* ViewController.swift */; };
		E36FD606219DB4CF00409B06 /* Main.storyboard in Resources */ = {isa = PBXBuildFile; fileRef = E36FD604219DB4CF00409B06 /* Main.storyboard */; };
		E36FD608219DB4D900409B06 /* Assets.xcassets in Resources */ = {isa = PBXBuildFile; fileRef = E36FD607219DB4D900409B06 /* Assets.xcassets */; };
		E36FD60B219DB4D900409B06 /* LaunchScreen.storyboard in Resources */ = {isa = PBXBuildFile; fileRef = E36FD609219DB4D900409B06 /* LaunchScreen.storyboard */; };
		E36FD611219DB55100409B06 /* PBPopupList.framework in Frameworks */ = {isa = PBXBuildFile; fileRef = E36FD5ED219DB47D00409B06 /* PBPopupList.framework */; };
/* End PBXBuildFile section */

/* Begin PBXFileReference section */
		E36FD5ED219DB47D00409B06 /* PBPopupList.framework */ = {isa = PBXFileReference; explicitFileType = wrapper.framework; includeInIndex = 0; path = PBPopupList.framework; sourceTree = BUILT_PRODUCTS_DIR; };
		E36FD5F0219DB47D00409B06 /* PBPopupList.h */ = {isa = PBXFileReference; lastKnownFileType = sourcecode.c.h; path = PBPopupList.h; sourceTree = "<group>"; };
		E36FD5F1219DB47D00409B06 /* Info.plist */ = {isa = PBXFileReference; lastKnownFileType = text.plist.xml; path = Info.plist; sourceTree = "<group>"; };
		E36FD5F8219DB4A500409B06 /* PBPopupList.swift */ = {isa = PBXFileReference; fileEncoding = 4; lastKnownFileType = sourcecode.swift; path = PBPopupList.swift; sourceTree = "<group>"; };
		E36FD5FE219DB4CF00409B06 /* PBPopupListDemo.app */ = {isa = PBXFileReference; explicitFileType = wrapper.application; includeInIndex = 0; path = PBPopupListDemo.app; sourceTree = BUILT_PRODUCTS_DIR; };
		E36FD600219DB4CF00409B06 /* AppDelegate.swift */ = {isa = PBXFileReference; lastKnownFileType = sourcecode.swift; path = AppDelegate.swift; sourceTree = "<group>"; };
		E36FD602219DB4CF00409B06 /* ViewController.swift */ = {isa = PBXFileReference; lastKnownFileType = sourcecode.swift; path = ViewController.swift; sourceTree = "<group>"; };
		E36FD605219DB4CF00409B06 /* Base */ = {isa = PBXFileReference; lastKnownFileType = file.storyboard; name = Base; path = Base.lproj/Main.storyboard; sourceTree = "<group>"; };
		E36FD607219DB4D900409B06 /* Assets.xcassets */ = {isa = PBXFileReference; lastKnownFileType = folder.assetcatalog; path = Assets.xcassets; sourceTree = "<group>"; };
		E36FD60A219DB4D900409B06 /* Base */ = {isa = PBXFileReference; lastKnownFileType = file.storyboard; name = Base; path = Base.lproj/LaunchScreen.storyboard; sourceTree = "<group>"; };
		E36FD60C219DB4D900409B06 /* Info.plist */ = {isa = PBXFileReference; lastKnownFileType = text.plist.xml; path = Info.plist; sourceTree = "<group>"; };
/* End PBXFileReference section */

/* Begin PBXFrameworksBuildPhase section */
		E36FD5EA219DB47D00409B06 /* Frameworks */ = {
			isa = PBXFrameworksBuildPhase;
			buildActionMask = 2147483647;
			files = (
			);
			runOnlyForDeploymentPostprocessing = 0;
		};
		E36FD5FB219DB4CF00409B06 /* Frameworks */ = {
			isa = PBXFrameworksBuildPhase;
			buildActionMask = 2147483647;
			files = (
				E36FD611219DB55100409B06 /* PBPopupList.framework in Frameworks */,
			);
			runOnlyForDeploymentPostprocessing = 0;
		};
/* End PBXFrameworksBuildPhase section */

/* Begin PBXGroup section */
		E36FD5E3219DB47D00409B06 = {
			isa = PBXGroup;
			children = (
				E36FD5EF219DB47D00409B06 /* PBPopupList */,
				E36FD5FF219DB4CF00409B06 /* PBPopupListDemo */,
				E36FD5EE219DB47D00409B06 /* Products */,
				E36FD610219DB55100409B06 /* Frameworks */,
			);
			sourceTree = "<group>";
		};
		E36FD5EE219DB47D00409B06 /* Products */ = {
			isa = PBXGroup;
			children = (
				E36FD5ED219DB47D00409B06 /* PBPopupList.framework */,
				E36FD5FE219DB4CF00409B06 /* PBPopupListDemo.app */,
			);
			name = Products;
			sourceTree = "<group>";
		};
		E36FD5EF219DB47D00409B06 /* PBPopupList */ = {
			isa = PBXGroup;
			children = (
				E36FD5F0219DB47D00409B06 /* PBPopupList.h */,
				E36FD5F1219DB47D00409B06 /* Info.plist */,
				E36FD5F8219DB4A500409B06 /* PBPopupList.swift */,
			);
			path = PBPopupList;
			sourceTree = "<group>";
		};
		E36FD5FF219DB4CF00409B06 /* PBPopupListDemo */ = {
			isa = PBXGroup;
			children = (
				E36FD600219DB4CF00409B06 /* AppDelegate.swift */,
				E36FD602219DB4CF00409B06 /* ViewController.swift */,
				E36FD604219DB4CF00409B06 /* Main.storyboard */,
				E36FD607219DB4D900409B06 /* Assets.xcassets */,
				E36FD609219DB4D900409B06 /* LaunchScreen.storyboard */,
				E36FD60C219DB4D900409B06 /* Info.plist */,
			);
			path = PBPopupListDemo;
			sourceTree = "<group>";
		};
		E36FD610219DB55100409B06 /* Frameworks */ = {
			isa = PBXGroup;
			children = (
			);
			name = Frameworks;
			sourceTree = "<group>";
		};
/* End PBXGroup section */

/* Begin PBXHeadersBuildPhase section */
		E36FD5E8219DB47D00409B06 /* Headers */ = {
			isa = PBXHeadersBuildPhase;
			buildActionMask = 2147483647;
			files = (
				E36FD5F2219DB47D00409B06 /* PBPopupList.h in Headers */,
			);
			runOnlyForDeploymentPostprocessing = 0;
		};
/* End PBXHeadersBuildPhase section */

/* Begin PBXNativeTarget section */
		E36FD5EC219DB47D00409B06 /* PBPopupList */ = {
			isa = PBXNativeTarget;
			buildConfigurationList = E36FD5F5219DB47D00409B06 /* Build configuration list for PBXNativeTarget "PBPopupList" */;
			buildPhases = (
				E36FD5E8219DB47D00409B06 /* Headers */,
				E36FD5E9219DB47D00409B06 /* Sources */,
				E36FD5EA219DB47D00409B06 /* Frameworks */,
				E36FD5EB219DB47D00409B06 /* Resources */,
			);
			buildRules = (
			);
			dependencies = (
			);
			name = PBPopupList;
			productName = PBPopupList;
			productReference = E36FD5ED219DB47D00409B06 /* PBPopupList.framework */;
			productType = "com.apple.product-type.framework";
		};
		E36FD5FD219DB4CF00409B06 /* PBPopupListDemo */ = {
			isa = PBXNativeTarget;
			buildConfigurationList = E36FD60D219DB4D900409B06 /* Build configuration list for PBXNativeTarget "PBPopupListDemo" */;
			buildPhases = (
				E36FD5FA219DB4CF00409B06 /* Sources */,
				E36FD5FB219DB4CF00409B06 /* Frameworks */,
				E36FD5FC219DB4CF00409B06 /* Resources */,
			);
			buildRules = (
			);
			dependencies = (
			);
			name = PBPopupListDemo;
			productName = PBPopupListDemo;
			productReference = E36FD5FE219DB4CF00409B06 /* PBPopupListDemo.app */;
			productType = "com.apple.product-type.application";
		};
/* End PBXNativeTarget section */

/* Begin PBXProject section */
		E36FD5E4219DB47D00409B06 /* Project object */ = {
			isa = PBXProject;
			attributes = {
				LastSwiftUpdateCheck = 1000;
				LastUpgradeCheck = 1000;
				ORGANIZATIONNAME = Peerbits;
				TargetAttributes = {
					E36FD5EC219DB47D00409B06 = {
						CreatedOnToolsVersion = 10.0;
						LastSwiftMigration = 1000;
					};
					E36FD5FD219DB4CF00409B06 = {
						CreatedOnToolsVersion = 10.0;
					};
				};
			};
			buildConfigurationList = E36FD5E7219DB47D00409B06 /* Build configuration list for PBXProject "PBPopupList" */;
			compatibilityVersion = "Xcode 9.3";
			developmentRegion = en;
			hasScannedForEncodings = 0;
			knownRegions = (
				en,
				Base,
			);
			mainGroup = E36FD5E3219DB47D00409B06;
			productRefGroup = E36FD5EE219DB47D00409B06 /* Products */;
			projectDirPath = "";
			projectRoot = "";
			targets = (
				E36FD5EC219DB47D00409B06 /* PBPopupList */,
				E36FD5FD219DB4CF00409B06 /* PBPopupListDemo */,
			);
		};
/* End PBXProject section */

/* Begin PBXResourcesBuildPhase section */
		E36FD5EB219DB47D00409B06 /* Resources */ = {
			isa = PBXResourcesBuildPhase;
			buildActionMask = 2147483647;
			files = (
			);
			runOnlyForDeploymentPostprocessing = 0;
		};
		E36FD5FC219DB4CF00409B06 /* Resources */ = {
			isa = PBXResourcesBuildPhase;
			buildActionMask = 2147483647;
			files = (
				E36FD60B219DB4D900409B06 /* LaunchScreen.storyboard in Resources */,
				E36FD608219DB4D900409B06 /* Assets.xcassets in Resources */,
				E36FD606219DB4CF00409B06 /* Main.storyboard in Resources */,
			);
			runOnlyForDeploymentPostprocessing = 0;
		};
/* End PBXResourcesBuildPhase section */

/* Begin PBXSourcesBuildPhase section */
		E36FD5E9219DB47D00409B06 /* Sources */ = {
			isa = PBXSourcesBuildPhase;
			buildActionMask = 2147483647;
			files = (
				E36FD5F9219DB4A500409B06 /* PBPopupList.swift in Sources */,
			);
			runOnlyForDeploymentPostprocessing = 0;
		};
		E36FD5FA219DB4CF00409B06 /* Sources */ = {
			isa = PBXSourcesBuildPhase;
			buildActionMask = 2147483647;
			files = (
				E36FD603219DB4CF00409B06 /* ViewController.swift in Sources */,
				E36FD601219DB4CF00409B06 /* AppDelegate.swift in Sources */,
			);
			runOnlyForDeploymentPostprocessing = 0;
		};
/* End PBXSourcesBuildPhase section */

/* Begin PBXVariantGroup section */
		E36FD604219DB4CF00409B06 /* Main.storyboard */ = {
			isa = PBXVariantGroup;
			children = (
				E36FD605219DB4CF00409B06 /* Base */,
			);
			name = Main.storyboard;
			sourceTree = "<group>";
		};
		E36FD609219DB4D900409B06 /* LaunchScreen.storyboard */ = {
			isa = PBXVariantGroup;
			children = (
				E36FD60A219DB4D900409B06 /* Base */,
			);
			name = LaunchScreen.storyboard;
			sourceTree = "<group>";
		};
/* End PBXVariantGroup section */

/* Begin XCBuildConfiguration section */
		E36FD5F3219DB47D00409B06 /* Debug */ = {
			isa = XCBuildConfiguration;
			buildSettings = {
				ALWAYS_SEARCH_USER_PATHS = NO;
				CLANG_ANALYZER_NONNULL = YES;
				CLANG_ANALYZER_NUMBER_OBJECT_CONVERSION = YES_AGGRESSIVE;
				CLANG_CXX_LANGUAGE_STANDARD = "gnu++14";
				CLANG_CXX_LIBRARY = "libc++";
				CLANG_ENABLE_MODULES = YES;
				CLANG_ENABLE_OBJC_ARC = YES;
				CLANG_ENABLE_OBJC_WEAK = YES;
				CLANG_WARN_BLOCK_CAPTURE_AUTORELEASING = YES;
				CLANG_WARN_BOOL_CONVERSION = YES;
				CLANG_WARN_COMMA = YES;
				CLANG_WARN_CONSTANT_CONVERSION = YES;
				CLANG_WARN_DEPRECATED_OBJC_IMPLEMENTATIONS = YES;
				CLANG_WARN_DIRECT_OBJC_ISA_USAGE = YES_ERROR;
				CLANG_WARN_DOCUMENTATION_COMMENTS = YES;
				CLANG_WARN_EMPTY_BODY = YES;
				CLANG_WARN_ENUM_CONVERSION = YES;
				CLANG_WARN_INFINITE_RECURSION = YES;
				CLANG_WARN_INT_CONVERSION = YES;
				CLANG_WARN_NON_LITERAL_NULL_CONVERSION = YES;
				CLANG_WARN_OBJC_IMPLICIT_RETAIN_SELF = YES;
				CLANG_WARN_OBJC_LITERAL_CONVERSION = YES;
				CLANG_WARN_OBJC_ROOT_CLASS = YES_ERROR;
				CLANG_WARN_RANGE_LOOP_ANALYSIS = YES;
				CLANG_WARN_STRICT_PROTOTYPES = YES;
				CLANG_WARN_SUSPICIOUS_MOVE = YES;
				CLANG_WARN_UNGUARDED_AVAILABILITY = YES_AGGRESSIVE;
				CLANG_WARN_UNREACHABLE_CODE = YES;
				CLANG_WARN__DUPLICATE_METHOD_MATCH = YES;
				CODE_SIGN_IDENTITY = "iPhone Developer";
				COPY_PHASE_STRIP = NO;
				CURRENT_PROJECT_VERSION = 1;
				DEBUG_INFORMATION_FORMAT = dwarf;
				ENABLE_STRICT_OBJC_MSGSEND = YES;
				ENABLE_TESTABILITY = YES;
				GCC_C_LANGUAGE_STANDARD = gnu11;
				GCC_DYNAMIC_NO_PIC = NO;
				GCC_NO_COMMON_BLOCKS = YES;
				GCC_OPTIMIZATION_LEVEL = 0;
				GCC_PREPROCESSOR_DEFINITIONS = (
					"DEBUG=1",
					"$(inherited)",
				);
				GCC_WARN_64_TO_32_BIT_CONVERSION = YES;
				GCC_WARN_ABOUT_RETURN_TYPE = YES_ERROR;
				GCC_WARN_UNDECLARED_SELECTOR = YES;
				GCC_WARN_UNINITIALIZED_AUTOS = YES_AGGRESSIVE;
				GCC_WARN_UNUSED_FUNCTION = YES;
				GCC_WARN_UNUSED_VARIABLE = YES;
				IPHONEOS_DEPLOYMENT_TARGET = 12.0;
				MTL_ENABLE_DEBUG_INFO = INCLUDE_SOURCE;
				MTL_FAST_MATH = YES;
				ONLY_ACTIVE_ARCH = YES;
				SDKROOT = iphoneos;
				SWIFT_ACTIVE_COMPILATION_CONDITIONS = DEBUG;
				SWIFT_OPTIMIZATION_LEVEL = "-Onone";
				VERSIONING_SYSTEM = "apple-generic";
				VERSION_INFO_PREFIX = "";
			};
			name = Debug;
		};
		E36FD5F4219DB47D00409B06 /* Release */ = {
			isa = XCBuildConfiguration;
			buildSettings = {
				ALWAYS_SEARCH_USER_PATHS = NO;
				CLANG_ANALYZER_NONNULL = YES;
				CLANG_ANALYZER_NUMBER_OBJECT_CONVERSION = YES_AGGRESSIVE;
				CLANG_CXX_LANGUAGE_STANDARD = "gnu++14";
				CLANG_CXX_LIBRARY = "libc++";
				CLANG_ENABLE_MODULES = YES;
				CLANG_ENABLE_OBJC_ARC = YES;
				CLANG_ENABLE_OBJC_WEAK = YES;
				CLANG_WARN_BLOCK_CAPTURE_AUTORELEASING = YES;
				CLANG_WARN_BOOL_CONVERSION = YES;
				CLANG_WARN_COMMA = YES;
				CLANG_WARN_CONSTANT_CONVERSION = YES;
				CLANG_WARN_DEPRECATED_OBJC_IMPLEMENTATIONS = YES;
				CLANG_WARN_DIRECT_OBJC_ISA_USAGE = YES_ERROR;
				CLANG_WARN_DOCUMENTATION_COMMENTS = YES;
				CLANG_WARN_EMPTY_BODY = YES;
				CLANG_WARN_ENUM_CONVERSION = YES;
				CLANG_WARN_INFINITE_RECURSION = YES;
				CLANG_WARN_INT_CONVERSION = YES;
				CLANG_WARN_NON_LITERAL_NULL_CONVERSION = YES;
				CLANG_WARN_OBJC_IMPLICIT_RETAIN_SELF = YES;
				CLANG_WARN_OBJC_LITERAL_CONVERSION = YES;
				CLANG_WARN_OBJC_ROOT_CLASS = YES_ERROR;
				CLANG_WARN_RANGE_LOOP_ANALYSIS = YES;
				CLANG_WARN_STRICT_PROTOTYPES = YES;
				CLANG_WARN_SUSPICIOUS_MOVE = YES;
				CLANG_WARN_UNGUARDED_AVAILABILITY = YES_AGGRESSIVE;
				CLANG_WARN_UNREACHABLE_CODE = YES;
				CLANG_WARN__DUPLICATE_METHOD_MATCH = YES;
				CODE_SIGN_IDENTITY = "iPhone Developer";
				COPY_PHASE_STRIP = NO;
				CURRENT_PROJECT_VERSION = 1;
				DEBUG_INFORMATION_FORMAT = "dwarf-with-dsym";
				ENABLE_NS_ASSERTIONS = NO;
				ENABLE_STRICT_OBJC_MSGSEND = YES;
				GCC_C_LANGUAGE_STANDARD = gnu11;
				GCC_NO_COMMON_BLOCKS = YES;
				GCC_WARN_64_TO_32_BIT_CONVERSION = YES;
				GCC_WARN_ABOUT_RETURN_TYPE = YES_ERROR;
				GCC_WARN_UNDECLARED_SELECTOR = YES;
				GCC_WARN_UNINITIALIZED_AUTOS = YES_AGGRESSIVE;
				GCC_WARN_UNUSED_FUNCTION = YES;
				GCC_WARN_UNUSED_VARIABLE = YES;
				IPHONEOS_DEPLOYMENT_TARGET = 12.0;
				MTL_ENABLE_DEBUG_INFO = NO;
				MTL_FAST_MATH = YES;
				SDKROOT = iphoneos;
				SWIFT_COMPILATION_MODE = wholemodule;
				SWIFT_OPTIMIZATION_LEVEL = "-O";
				VALIDATE_PRODUCT = YES;
				VERSIONING_SYSTEM = "apple-generic";
				VERSION_INFO_PREFIX = "";
			};
			name = Release;
		};
		E36FD5F6219DB47D00409B06 /* Debug */ = {
			isa = XCBuildConfiguration;
			buildSettings = {
				CLANG_ENABLE_MODULES = YES;
				CODE_SIGN_IDENTITY = "";
				CODE_SIGN_STYLE = Automatic;
				DEFINES_MODULE = YES;
				DEVELOPMENT_TEAM = FH9ENAZ4V3;
				DYLIB_COMPATIBILITY_VERSION = 1;
				DYLIB_CURRENT_VERSION = 1;
				DYLIB_INSTALL_NAME_BASE = "@rpath";
				INFOPLIST_FILE = PBPopupList/Info.plist;
				INSTALL_PATH = "$(LOCAL_LIBRARY_DIR)/Frameworks";
				LD_RUNPATH_SEARCH_PATHS = (
					"$(inherited)",
					"@executable_path/Frameworks",
					"@loader_path/Frameworks",
				);
				PRODUCT_BUNDLE_IDENTIFIER = com.pbdev.PBPopupList;
				PRODUCT_NAME = "$(TARGET_NAME:c99extidentifier)";
				SKIP_INSTALL = YES;
				SWIFT_OPTIMIZATION_LEVEL = "-Onone";
				SWIFT_VERSION = 4.2;
				TARGETED_DEVICE_FAMILY = "1,2";
			};
			name = Debug;
		};
		E36FD5F7219DB47D00409B06 /* Release */ = {
			isa = XCBuildConfiguration;
			buildSettings = {
				CLANG_ENABLE_MODULES = YES;
				CODE_SIGN_IDENTITY = "";
				CODE_SIGN_STYLE = Automatic;
				DEFINES_MODULE = YES;
				DEVELOPMENT_TEAM = FH9ENAZ4V3;
				DYLIB_COMPATIBILITY_VERSION = 1;
				DYLIB_CURRENT_VERSION = 1;
				DYLIB_INSTALL_NAME_BASE = "@rpath";
				INFOPLIST_FILE = PBPopupList/Info.plist;
				INSTALL_PATH = "$(LOCAL_LIBRARY_DIR)/Frameworks";
				LD_RUNPATH_SEARCH_PATHS = (
					"$(inherited)",
					"@executable_path/Frameworks",
					"@loader_path/Frameworks",
				);
				PRODUCT_BUNDLE_IDENTIFIER = com.pbdev.PBPopupList;
				PRODUCT_NAME = "$(TARGET_NAME:c99extidentifier)";
				SKIP_INSTALL = YES;
				SWIFT_VERSION = 4.2;
				TARGETED_DEVICE_FAMILY = "1,2";
			};
			name = Release;
		};
		E36FD60E219DB4D900409B06 /* Debug */ = {
			isa = XCBuildConfiguration;
			buildSettings = {
				ASSETCATALOG_COMPILER_APPICON_NAME = AppIcon;
				CODE_SIGN_STYLE = Automatic;
				DEVELOPMENT_TEAM = FH9ENAZ4V3;
				INFOPLIST_FILE = PBPopupListDemo/Info.plist;
				LD_RUNPATH_SEARCH_PATHS = (
					"$(inherited)",
					"@executable_path/Frameworks",
				);
				PRODUCT_BUNDLE_IDENTIFIER = com.pbdev.PBPopupListDemo;
				PRODUCT_NAME = "$(TARGET_NAME)";
				SWIFT_VERSION = 4.2;
				TARGETED_DEVICE_FAMILY = "1,2";
			};
			name = Debug;
		};
		E36FD60F219DB4D900409B06 /* Release */ = {
			isa = XCBuildConfiguration;
			buildSettings = {
				ASSETCATALOG_COMPILER_APPICON_NAME = AppIcon;
				CODE_SIGN_STYLE = Automatic;
				DEVELOPMENT_TEAM = FH9ENAZ4V3;
				INFOPLIST_FILE = PBPopupListDemo/Info.plist;
				LD_RUNPATH_SEARCH_PATHS = (
					"$(inherited)",
					"@executable_path/Frameworks",
				);
				PRODUCT_BUNDLE_IDENTIFIER = com.pbdev.PBPopupListDemo;
				PRODUCT_NAME = "$(TARGET_NAME)";
				SWIFT_VERSION = 4.2;
				TARGETED_DEVICE_FAMILY = "1,2";
			};
			name = Release;
		};
/* End XCBuildConfiguration section */

/* Begin XCConfigurationList section */
		E36FD5E7219DB47D00409B06 /* Build configuration list for PBXProject "PBPopupList" */ = {
			isa = XCConfigurationList;
			buildConfigurations = (
				E36FD5F3219DB47D00409B06 /* Debug */,
				E36FD5F4219DB47D00409B06 /* Release */,
			);
			defaultConfigurationIsVisible = 0;
			defaultConfigurationName = Release;
		};
		E36FD5F5219DB47D00409B06 /* Build configuration list for PBXNativeTarget "PBPopupList" */ = {
			isa = XCConfigurationList;
			buildConfigurations = (
				E36FD5F6219DB47D00409B06 /* Debug */,
				E36FD5F7219DB47D00409B06 /* Release */,
			);
			defaultConfigurationIsVisible = 0;
			defaultConfigurationName = Release;
		};
		E36FD60D219DB4D900409B06 /* Build configuration list for PBXNativeTarget "PBPopupListDemo" */ = {
			isa = XCConfigurationList;
			buildConfigurations = (
				E36FD60E219DB4D900409B06 /* Debug */,
				E36FD60F219DB4D900409B06 /* Release */,
			);
			defaultConfigurationIsVisible = 0;
			defaultConfigurationName = Release;
		};
/* End XCConfigurationList section */
	};
	rootObject = E36FD5E4219DB47D00409B06 /* Project object */;
}
